
Microsoft Visual Studio Solution File, Format Version 12.00
# Visual Studio Version 17
VisualStudioVersion = 17.14.36518.9
MinimumVisualStudioVersion = 10.0.40219.1
Project("{FAE04EC0-301F-11D3-BF4B-00C04F79EFBC}") = "Bulky", "Bulky.csproj", "{9E64C39B-B04B-453D-A26C-7A9EE20199C8}"
EndProject
Global
	GlobalSection(SolutionConfigurationPlatforms) = preSolution
		Debug|Any CPU = Debug|Any CPU
		Release|Any CPU = Release|Any CPU
	EndGlobalSection
	GlobalSection(ProjectConfigurationPlatforms) = postSolution
		{9E64C39B-B04B-453D-A26C-7A9EE20199C8}.Debug|Any CPU.ActiveCfg = Debug|Any CPU
		{9E64C39B-B04B-453D-A26C-7A9EE20199C8}.Debug|Any CPU.Build.0 = Debug|Any CPU
		{9E64C39B-B04B-453D-A26C-7A9EE20199C8}.Release|Any CPU.ActiveCfg = Release|Any CPU
		{9E64C39B-B04B-453D-A26C-7A9EE20199C8}.Release|Any CPU.Build.0 = Release|Any CPU
	EndGlobalSection
	GlobalSection(SolutionProperties) = preSolution
		HideSolutionNode = FALSE
	EndGlobalSection
	GlobalSection(ExtensibilityGlobals) = postSolution
		SolutionGuid = {38EF419E-A160-4792-8317-95FD42A36C49}
	EndGlobalSection
EndGlobal
